
Microsoft Visual Studio Solution File, Format Version 12.00
# Visual Studio 2013
Project("{FAE04EC0-301F-11D3-BF4B-00C04F79EFBC}") = "UnityVS.2DTestProject.CSharp.Plugins", "UnityVS.2DTestProject.CSharp.Plugins.csproj", "{CAE40E0D-6612-F6D7-C380-E33CD9FD40A1}"
EndProject
Project("{FAE04EC0-301F-11D3-BF4B-00C04F79EFBC}") = "UnityVS.2DTestProject.CSharp.Editor", "UnityVS.2DTestProject.CSharp.Editor.csproj", "{94217144-D2B1-72C6-5AE9-44D831757999}"
EndProject
Global
	GlobalSection(SolutionConfigurationPlatforms) = preSolution
		Debug|Any CPU = Debug|Any CPU
		Release|Any CPU = Release|Any CPU
	EndGlobalSection
	GlobalSection(ProjectConfigurationPlatforms) = postSolution
		{CAE40E0D-6612-F6D7-C380-E33CD9FD40A1}.Debug|Any CPU.ActiveCfg = Debug|Any CPU
		{CAE40E0D-6612-F6D7-C380-E33CD9FD40A1}.Debug|Any CPU.Build.0 = Debug|Any CPU
		{CAE40E0D-6612-F6D7-C380-E33CD9FD40A1}.Release|Any CPU.ActiveCfg = Release|Any CPU
		{CAE40E0D-6612-F6D7-C380-E33CD9FD40A1}.Release|Any CPU.Build.0 = Release|Any CPU
		{94217144-D2B1-72C6-5AE9-44D831757999}.Debug|Any CPU.ActiveCfg = Debug|Any CPU
		{94217144-D2B1-72C6-5AE9-44D831757999}.Debug|Any CPU.Build.0 = Debug|Any CPU
		{94217144-D2B1-72C6-5AE9-44D831757999}.Release|Any CPU.ActiveCfg = Release|Any CPU
		{94217144-D2B1-72C6-5AE9-44D831757999}.Release|Any CPU.Build.0 = Release|Any CPU
	EndGlobalSection
	GlobalSection(SolutionProperties) = preSolution
		HideSolutionNode = FALSE
	EndGlobalSection
EndGlobal
